
Microsoft Visual Studio Solution File, Format Version 12.00
# Visual Studio Version 16
VisualStudioVersion = 16.0.31025.194
MinimumVisualStudioVersion = 10.0.40219.1
Project("{FAE04EC0-301F-11D3-BF4B-00C04F79EFBC}") = "StandWeb", "StandWeb\StandWeb.csproj", "{A715EE9A-9674-4837-AF8F-57F5F11CF6F3}"
EndProject
Global
	GlobalSection(SolutionConfigurationPlatforms) = preSolution
		Debug|Any CPU = Debug|Any CPU
		Release|Any CPU = Release|Any CPU
	EndGlobalSection
	GlobalSection(ProjectConfigurationPlatforms) = postSolution
		{A715EE9A-9674-4837-AF8F-57F5F11CF6F3}.Debug|Any CPU.ActiveCfg = Debug|Any CPU
		{A715EE9A-9674-4837-AF8F-57F5F11CF6F3}.Debug|Any CPU.Build.0 = Debug|Any CPU
		{A715EE9A-9674-4837-AF8F-57F5F11CF6F3}.Release|Any CPU.ActiveCfg = Release|Any CPU
		{A715EE9A-9674-4837-AF8F-57F5F11CF6F3}.Release|Any CPU.Build.0 = Release|Any CPU
	EndGlobalSection
	GlobalSection(SolutionProperties) = preSolution
		HideSolutionNode = FALSE
	EndGlobalSection
	GlobalSection(ExtensibilityGlobals) = postSolution
		SolutionGuid = {D90BB448-132F-4C10-B365-EBE9C07FC04D}
	EndGlobalSection
EndGlobal
